#
# This file is autogenerated by pip-compile with Python 3.13
# by the following command:
#
#    pip-compile --output-file=requirements-dev.lock requirements-dev.in
#
aiohappyeyeballs==2.6.1
    # via aiohttp
aiohttp==3.13.3
    # via -r requirements.in
aiosignal==1.4.0
    # via aiohttp
annotated-types==0.7.0
    # via pydantic
attrs==25.4.0
    # via aiohttp
black==25.12.0
    # via -r requirements-dev.in
build==1.4.0
    # via pip-tools
cffi==2.0.0
    # via cryptography
click==8.3.1
    # via
    #   black
    #   pip-tools
coverage[toml]==7.13.1
    # via pytest-cov
cryptography==46.0.3
    # via -r requirements.in
frozenlist==1.8.0
    # via
    #   aiohttp
    #   aiosignal
idna==3.11
    # via yarl
iniconfig==2.3.0
    # via pytest
isort==7.0.0
    # via -r requirements-dev.in
librt==0.7.7
    # via mypy
multidict==6.7.0
    # via
    #   aiohttp
    #   yarl
mypy==1.19.1
    # via -r requirements-dev.in
mypy-extensions==1.1.0
    # via
    #   black
    #   mypy
packaging==25.0
    # via
    #   black
    #   build
    #   pytest
pathspec==1.0.3
    # via
    #   black
    #   mypy
pip-tools==7.5.2
    # via -r requirements-dev.in
platformdirs==4.5.1
    # via black
pluggy==1.6.0
    # via
    #   pytest
    #   pytest-cov
propcache==0.4.1
    # via
    #   aiohttp
    #   yarl
protobuf==6.33.4
    # via -r requirements.in
psutil==7.2.1
    # via pytest-xprocess
pycparser==2.23
    # via cffi
pydantic==2.12.5
    # via
    #   -r requirements.in
    #   pydantic-settings
pydantic-core==2.41.5
    # via pydantic
pydantic-settings==2.12.0
    # via -r requirements.in
pygments==2.19.2
    # via pytest
pyproject-hooks==1.2.0
    # via
    #   build
    #   pip-tools
pytest==9.0.2
    # via
    #   -r requirements-dev.in
    #   pytest-asyncio
    #   pytest-cov
    #   pytest-xprocess
pytest-asyncio==1.3.0
    # via -r requirements-dev.in
pytest-cov==7.0.0
    # via -r requirements-dev.in
pytest-xprocess==1.0.2
    # via -r requirements-dev.in
python-dotenv==1.2.1
    # via pydantic-settings
pytokens==0.3.0
    # via black
ruff==0.14.11
    # via -r requirements-dev.in
structlog==25.5.0
    # via -r requirements.in
typing-extensions==4.15.0
    # via
    #   -r requirements.in
    #   mypy
    #   pydantic
    #   pydantic-core
    #   typing-inspection
typing-inspection==0.4.2
    # via
    #   pydantic
    #   pydantic-settings
uuid6==2025.0.1
    # via -r requirements.in
wheel==0.45.1
    # via pip-tools
yarl==1.22.0
    # via aiohttp

# The following packages are considered to be unsafe in a requirements file:
# pip
# setuptools
