#
# This file is autogenerated by pip-compile with Python 3.13
# by the following command:
#
#    pip-compile --output-file=requirements.lock requirements.in
#
aiohappyeyeballs==2.6.1
    # via aiohttp
aiohttp==3.13.3
    # via -r requirements.in
aiosignal==1.4.0
    # via aiohttp
annotated-types==0.7.0
    # via pydantic
attrs==25.4.0
    # via aiohttp
cffi==2.0.0
    # via cryptography
cryptography==46.0.3
    # via -r requirements.in
frozenlist==1.8.0
    # via
    #   aiohttp
    #   aiosignal
idna==3.11
    # via yarl
multidict==6.7.0
    # via
    #   aiohttp
    #   yarl
propcache==0.4.1
    # via
    #   aiohttp
    #   yarl
protobuf==6.33.4
    # via -r requirements.in
pycparser==2.23
    # via cffi
pydantic==2.12.5
    # via
    #   -r requirements.in
    #   pydantic-settings
pydantic-core==2.41.5
    # via pydantic
pydantic-settings==2.12.0
    # via -r requirements.in
python-dotenv==1.2.1
    # via pydantic-settings
structlog==25.5.0
    # via -r requirements.in
typing-extensions==4.15.0
    # via
    #   -r requirements.in
    #   pydantic
    #   pydantic-core
    #   typing-inspection
typing-inspection==0.4.2
    # via
    #   pydantic
    #   pydantic-settings
uuid6==2025.0.1
    # via -r requirements.in
yarl==1.22.0
    # via aiohttp
